
Microsoft Visual Studio Solution File, Format Version 12.00
# Visual Studio Version 17
VisualStudioVersion = 17.0.31903.59
MinimumVisualStudioVersion = 10.0.40219.1
Project("{FAE04EC0-301F-11D3-BF4B-00C04F79EFBC}") = "ScribanLanguageServer.Core", "ScribanLanguageServer.Core\ScribanLanguageServer.Core.csproj", "{1AE22740-4D6C-401A-99FA-8A6BB60FCE48}"
EndProject
Project("{FAE04EC0-301F-11D3-BF4B-00C04F79EFBC}") = "ScribanLanguageServer.Server", "ScribanLanguageServer.Server\ScribanLanguageServer.Server.csproj", "{695E800E-352D-4685-AD26-B3B10911ED7E}"
EndProject
Project("{FAE04EC0-301F-11D3-BF4B-00C04F79EFBC}") = "ScribanLanguageServer.Tests.Unit", "ScribanLanguageServer.Tests.Unit\ScribanLanguageServer.Tests.Unit.csproj", "{97F7E095-33FD-486B-941E-A0B4183DD627}"
EndProject
Project("{FAE04EC0-301F-11D3-BF4B-00C04F79EFBC}") = "ScribanLanguageServer.Tests.Integration", "ScribanLanguageServer.Tests.Integration\ScribanLanguageServer.Tests.Integration.csproj", "{35C53292-B189-4F7F-BB34-2D6E6BC99B5B}"
EndProject
Project("{FAE04EC0-301F-11D3-BF4B-00C04F79EFBC}") = "ScribanLanguageServer.Tests.Mocks", "ScribanLanguageServer.Tests.Mocks\ScribanLanguageServer.Tests.Mocks.csproj", "{F636568E-DC48-407E-99E1-D0DD6430C64F}"
EndProject
Global
	GlobalSection(SolutionConfigurationPlatforms) = preSolution
		Debug|Any CPU = Debug|Any CPU
		Debug|x64 = Debug|x64
		Debug|x86 = Debug|x86
		Release|Any CPU = Release|Any CPU
		Release|x64 = Release|x64
		Release|x86 = Release|x86
	EndGlobalSection
	GlobalSection(ProjectConfigurationPlatforms) = postSolution
		{1AE22740-4D6C-401A-99FA-8A6BB60FCE48}.Debug|Any CPU.ActiveCfg = Debug|Any CPU
		{1AE22740-4D6C-401A-99FA-8A6BB60FCE48}.Debug|Any CPU.Build.0 = Debug|Any CPU
		{1AE22740-4D6C-401A-99FA-8A6BB60FCE48}.Debug|x64.ActiveCfg = Debug|Any CPU
		{1AE22740-4D6C-401A-99FA-8A6BB60FCE48}.Debug|x64.Build.0 = Debug|Any CPU
		{1AE22740-4D6C-401A-99FA-8A6BB60FCE48}.Debug|x86.ActiveCfg = Debug|Any CPU
		{1AE22740-4D6C-401A-99FA-8A6BB60FCE48}.Debug|x86.Build.0 = Debug|Any CPU
		{1AE22740-4D6C-401A-99FA-8A6BB60FCE48}.Release|Any CPU.ActiveCfg = Release|Any CPU
		{1AE22740-4D6C-401A-99FA-8A6BB60FCE48}.Release|Any CPU.Build.0 = Release|Any CPU
		{1AE22740-4D6C-401A-99FA-8A6BB60FCE48}.Release|x64.ActiveCfg = Release|Any CPU
		{1AE22740-4D6C-401A-99FA-8A6BB60FCE48}.Release|x64.Build.0 = Release|Any CPU
		{1AE22740-4D6C-401A-99FA-8A6BB60FCE48}.Release|x86.ActiveCfg = Release|Any CPU
		{1AE22740-4D6C-401A-99FA-8A6BB60FCE48}.Release|x86.Build.0 = Release|Any CPU
		{695E800E-352D-4685-AD26-B3B10911ED7E}.Debug|Any CPU.ActiveCfg = Debug|Any CPU
		{695E800E-352D-4685-AD26-B3B10911ED7E}.Debug|Any CPU.Build.0 = Debug|Any CPU
		{695E800E-352D-4685-AD26-B3B10911ED7E}.Debug|x64.ActiveCfg = Debug|Any CPU
		{695E800E-352D-4685-AD26-B3B10911ED7E}.Debug|x64.Build.0 = Debug|Any CPU
		{695E800E-352D-4685-AD26-B3B10911ED7E}.Debug|x86.ActiveCfg = Debug|Any CPU
		{695E800E-352D-4685-AD26-B3B10911ED7E}.Debug|x86.Build.0 = Debug|Any CPU
		{695E800E-352D-4685-AD26-B3B10911ED7E}.Release|Any CPU.ActiveCfg = Release|Any CPU
		{695E800E-352D-4685-AD26-B3B10911ED7E}.Release|Any CPU.Build.0 = Release|Any CPU
		{695E800E-352D-4685-AD26-B3B10911ED7E}.Release|x64.ActiveCfg = Release|Any CPU
		{695E800E-352D-4685-AD26-B3B10911ED7E}.Release|x64.Build.0 = Release|Any CPU
		{695E800E-352D-4685-AD26-B3B10911ED7E}.Release|x86.ActiveCfg = Release|Any CPU
		{695E800E-352D-4685-AD26-B3B10911ED7E}.Release|x86.Build.0 = Release|Any CPU
		{97F7E095-33FD-486B-941E-A0B4183DD627}.Debug|Any CPU.ActiveCfg = Debug|Any CPU
		{97F7E095-33FD-486B-941E-A0B4183DD627}.Debug|Any CPU.Build.0 = Debug|Any CPU
		{97F7E095-33FD-486B-941E-A0B4183DD627}.Debug|x64.ActiveCfg = Debug|Any CPU
		{97F7E095-33FD-486B-941E-A0B4183DD627}.Debug|x64.Build.0 = Debug|Any CPU
		{97F7E095-33FD-486B-941E-A0B4183DD627}.Debug|x86.ActiveCfg = Debug|Any CPU
		{97F7E095-33FD-486B-941E-A0B4183DD627}.Debug|x86.Build.0 = Debug|Any CPU
		{97F7E095-33FD-486B-941E-A0B4183DD627}.Release|Any CPU.ActiveCfg = Release|Any CPU
		{97F7E095-33FD-486B-941E-A0B4183DD627}.Release|Any CPU.Build.0 = Release|Any CPU
		{97F7E095-33FD-486B-941E-A0B4183DD627}.Release|x64.ActiveCfg = Release|Any CPU
		{97F7E095-33FD-486B-941E-A0B4183DD627}.Release|x64.Build.0 = Release|Any CPU
		{97F7E095-33FD-486B-941E-A0B4183DD627}.Release|x86.ActiveCfg = Release|Any CPU
		{97F7E095-33FD-486B-941E-A0B4183DD627}.Release|x86.Build.0 = Release|Any CPU
		{35C53292-B189-4F7F-BB34-2D6E6BC99B5B}.Debug|Any CPU.ActiveCfg = Debug|Any CPU
		{35C53292-B189-4F7F-BB34-2D6E6BC99B5B}.Debug|Any CPU.Build.0 = Debug|Any CPU
		{35C53292-B189-4F7F-BB34-2D6E6BC99B5B}.Debug|x64.ActiveCfg = Debug|Any CPU
		{35C53292-B189-4F7F-BB34-2D6E6BC99B5B}.Debug|x64.Build.0 = Debug|Any CPU
		{35C53292-B189-4F7F-BB34-2D6E6BC99B5B}.Debug|x86.ActiveCfg = Debug|Any CPU
		{35C53292-B189-4F7F-BB34-2D6E6BC99B5B}.Debug|x86.Build.0 = Debug|Any CPU
		{35C53292-B189-4F7F-BB34-2D6E6BC99B5B}.Release|Any CPU.ActiveCfg = Release|Any CPU
		{35C53292-B189-4F7F-BB34-2D6E6BC99B5B}.Release|Any CPU.Build.0 = Release|Any CPU
		{35C53292-B189-4F7F-BB34-2D6E6BC99B5B}.Release|x64.ActiveCfg = Release|Any CPU
		{35C53292-B189-4F7F-BB34-2D6E6BC99B5B}.Release|x64.Build.0 = Release|Any CPU
		{35C53292-B189-4F7F-BB34-2D6E6BC99B5B}.Release|x86.ActiveCfg = Release|Any CPU
		{35C53292-B189-4F7F-BB34-2D6E6BC99B5B}.Release|x86.Build.0 = Release|Any CPU
		{F636568E-DC48-407E-99E1-D0DD6430C64F}.Debug|Any CPU.ActiveCfg = Debug|Any CPU
		{F636568E-DC48-407E-99E1-D0DD6430C64F}.Debug|Any CPU.Build.0 = Debug|Any CPU
		{F636568E-DC48-407E-99E1-D0DD6430C64F}.Debug|x64.ActiveCfg = Debug|Any CPU
		{F636568E-DC48-407E-99E1-D0DD6430C64F}.Debug|x64.Build.0 = Debug|Any CPU
		{F636568E-DC48-407E-99E1-D0DD6430C64F}.Debug|x86.ActiveCfg = Debug|Any CPU
		{F636568E-DC48-407E-99E1-D0DD6430C64F}.Debug|x86.Build.0 = Debug|Any CPU
		{F636568E-DC48-407E-99E1-D0DD6430C64F}.Release|Any CPU.ActiveCfg = Release|Any CPU
		{F636568E-DC48-407E-99E1-D0DD6430C64F}.Release|Any CPU.Build.0 = Release|Any CPU
		{F636568E-DC48-407E-99E1-D0DD6430C64F}.Release|x64.ActiveCfg = Release|Any CPU
		{F636568E-DC48-407E-99E1-D0DD6430C64F}.Release|x64.Build.0 = Release|Any CPU
		{F636568E-DC48-407E-99E1-D0DD6430C64F}.Release|x86.ActiveCfg = Release|Any CPU
		{F636568E-DC48-407E-99E1-D0DD6430C64F}.Release|x86.Build.0 = Release|Any CPU
	EndGlobalSection
	GlobalSection(SolutionProperties) = preSolution
		HideSolutionNode = FALSE
	EndGlobalSection
EndGlobal
